
Microsoft Visual Studio Solution File, Format Version 12.00
# Visual Studio Version 17
VisualStudioVersion = 17.11.35312.102
MinimumVisualStudioVersion = 10.0.40219.1
Project("{FAE04EC0-301F-11D3-BF4B-00C04F79EFBC}") = "VanThiHuongDuyen_2031209003_Lab2", "VanThiHuongDuyen_2031209003_Lab2\VanThiHuongDuyen_2031209003_Lab2.csproj", "{774EC669-CEEA-4046-A92B-0F9A3F90A997}"
EndProject
Global
	GlobalSection(SolutionConfigurationPlatforms) = preSolution
		Debug|Any CPU = Debug|Any CPU
		Release|Any CPU = Release|Any CPU
	EndGlobalSection
	GlobalSection(ProjectConfigurationPlatforms) = postSolution
		{774EC669-CEEA-4046-A92B-0F9A3F90A997}.Debug|Any CPU.ActiveCfg = Debug|Any CPU
		{774EC669-CEEA-4046-A92B-0F9A3F90A997}.Debug|Any CPU.Build.0 = Debug|Any CPU
		{774EC669-CEEA-4046-A92B-0F9A3F90A997}.Release|Any CPU.ActiveCfg = Release|Any CPU
		{774EC669-CEEA-4046-A92B-0F9A3F90A997}.Release|Any CPU.Build.0 = Release|Any CPU
	EndGlobalSection
	GlobalSection(SolutionProperties) = preSolution
		HideSolutionNode = FALSE
	EndGlobalSection
	GlobalSection(ExtensibilityGlobals) = postSolution
		SolutionGuid = {75D96902-A589-4576-B831-E7AEAD013E8F}
	EndGlobalSection
EndGlobal
