
Microsoft Visual Studio Solution File, Format Version 12.00
# Visual Studio Version 17
VisualStudioVersion = 17.11.35312.102
MinimumVisualStudioVersion = 10.0.40219.1
Project("{9A19103F-16F7-4668-BE54-9A1E7A4F7556}") = "LibraryManagement", "LibraryManagement\LibraryManagement.csproj", "{CFDF2B07-EE2F-442E-86D2-29F98F029736}"
EndProject
Global
	GlobalSection(SolutionConfigurationPlatforms) = preSolution
		Debug|Any CPU = Debug|Any CPU
		Release|Any CPU = Release|Any CPU
	EndGlobalSection
	GlobalSection(ProjectConfigurationPlatforms) = postSolution
		{CFDF2B07-EE2F-442E-86D2-29F98F029736}.Debug|Any CPU.ActiveCfg = Debug|Any CPU
		{CFDF2B07-EE2F-442E-86D2-29F98F029736}.Debug|Any CPU.Build.0 = Debug|Any CPU
		{CFDF2B07-EE2F-442E-86D2-29F98F029736}.Release|Any CPU.ActiveCfg = Release|Any CPU
		{CFDF2B07-EE2F-442E-86D2-29F98F029736}.Release|Any CPU.Build.0 = Release|Any CPU
	EndGlobalSection
	GlobalSection(SolutionProperties) = preSolution
		HideSolutionNode = FALSE
	EndGlobalSection
	GlobalSection(ExtensibilityGlobals) = postSolution
		SolutionGuid = {86098862-6584-42A0-A840-D6246DC54032}
	EndGlobalSection
EndGlobal
